// !$*UTF8*$!
{
	archiveVersion = 1;
	classes = {
	};
	objectVersion = 56;
	objects = {

/* Begin PBXBuildFile section */
		5018257F28EB7CC200B50E7E /* AppDelegate.swift in Sources */ = {isa = PBXBuildFile; fileRef = 5018257E28EB7CC200B50E7E /* AppDelegate.swift */; };
		5018258128EB7CC200B50E7E /* SceneDelegate.swift in Sources */ = {isa = PBXBuildFile; fileRef = 5018258028EB7CC200B50E7E /* SceneDelegate.swift */; };
		5018258328EB7CC200B50E7E /* ViewController.swift in Sources */ = {isa = PBXBuildFile; fileRef = 5018258228EB7CC200B50E7E /* ViewController.swift */; };
		5018258B28EB7CC400B50E7E /* LaunchScreen.storyboard in Resources */ = {isa = PBXBuildFile; fileRef = 5018258928EB7CC400B50E7E /* LaunchScreen.storyboard */; };
		5018259328EB7CE100B50E7E /* Main.storyboard in Resources */ = {isa = PBXBuildFile; fileRef = 5018259228EB7CE100B50E7E /* Main.storyboard */; };
		5018259A28EB7D3B00B50E7E /* Question.swift in Sources */ = {isa = PBXBuildFile; fileRef = 5018259928EB7D3B00B50E7E /* Question.swift */; };
		5018259C28EB7D5200B50E7E /* QuizBrain.swift in Sources */ = {isa = PBXBuildFile; fileRef = 5018259B28EB7D5200B50E7E /* QuizBrain.swift */; };
		5029F5B328EFA67E00D93790 /* Assets.xcassets in Resources */ = {isa = PBXBuildFile; fileRef = 5029F5B228EFA67E00D93790 /* Assets.xcassets */; };
		5029F5B728F09D4400D93790 /* final.mp3 in Resources */ = {isa = PBXBuildFile; fileRef = 5029F5B628F09D4400D93790 /* final.mp3 */; };
/* End PBXBuildFile section */

/* Begin PBXFileReference section */
		5018257B28EB7CC200B50E7E /* Quiz - Familia Marques e Amigos.app */ = {isa = PBXFileReference; explicitFileType = wrapper.application; includeInIndex = 0; path = "Quiz - Familia Marques e Amigos.app"; sourceTree = BUILT_PRODUCTS_DIR; };
		5018257E28EB7CC200B50E7E /* AppDelegate.swift */ = {isa = PBXFileReference; lastKnownFileType = sourcecode.swift; path = AppDelegate.swift; sourceTree = "<group>"; };
		5018258028EB7CC200B50E7E /* SceneDelegate.swift */ = {isa = PBXFileReference; lastKnownFileType = sourcecode.swift; path = SceneDelegate.swift; sourceTree = "<group>"; };
		5018258228EB7CC200B50E7E /* ViewController.swift */ = {isa = PBXFileReference; lastKnownFileType = sourcecode.swift; path = ViewController.swift; sourceTree = "<group>"; };
		5018258A28EB7CC400B50E7E /* Base */ = {isa = PBXFileReference; lastKnownFileType = file.storyboard; name = Base; path = Base.lproj/LaunchScreen.storyboard; sourceTree = "<group>"; };
		5018258C28EB7CC400B50E7E /* Info.plist */ = {isa = PBXFileReference; lastKnownFileType = text.plist.xml; path = Info.plist; sourceTree = "<group>"; };
		5018259228EB7CE100B50E7E /* Main.storyboard */ = {isa = PBXFileReference; fileEncoding = 4; lastKnownFileType = file.storyboard; path = Main.storyboard; sourceTree = "<group>"; };
		5018259928EB7D3B00B50E7E /* Question.swift */ = {isa = PBXFileReference; lastKnownFileType = sourcecode.swift; path = Question.swift; sourceTree = "<group>"; };
		5018259B28EB7D5200B50E7E /* QuizBrain.swift */ = {isa = PBXFileReference; lastKnownFileType = sourcecode.swift; path = QuizBrain.swift; sourceTree = "<group>"; };
		5029F5B228EFA67E00D93790 /* Assets.xcassets */ = {isa = PBXFileReference; lastKnownFileType = folder.assetcatalog; path = Assets.xcassets; sourceTree = "<group>"; };
		5029F5B628F09D4400D93790 /* final.mp3 */ = {isa = PBXFileReference; lastKnownFileType = audio.mp3; path = final.mp3; sourceTree = "<group>"; };
/* End PBXFileReference section */

/* Begin PBXFrameworksBuildPhase section */
		5018257828EB7CC200B50E7E /* Frameworks */ = {
			isa = PBXFrameworksBuildPhase;
			buildActionMask = 2147483647;
			files = (
			);
			runOnlyForDeploymentPostprocessing = 0;
		};
/* End PBXFrameworksBuildPhase section */

/* Begin PBXGroup section */
		5018257228EB7CC200B50E7E = {
			isa = PBXGroup;
			children = (
				5018257D28EB7CC200B50E7E /* quiz.vida.araruama */,
				5018257C28EB7CC200B50E7E /* Products */,
			);
			sourceTree = "<group>";
		};
		5018257C28EB7CC200B50E7E /* Products */ = {
			isa = PBXGroup;
			children = (
				5018257B28EB7CC200B50E7E /* Quiz - Familia Marques e Amigos.app */,
			);
			name = Products;
			sourceTree = "<group>";
		};
		5018257D28EB7CC200B50E7E /* quiz.vida.araruama */ = {
			isa = PBXGroup;
			children = (
				5018257E28EB7CC200B50E7E /* AppDelegate.swift */,
				5018258028EB7CC200B50E7E /* SceneDelegate.swift */,
				5018259828EB7D2400B50E7E /* Model */,
				5018259728EB7D1500B50E7E /* View */,
				5018259628EB7D0900B50E7E /* Controller */,
				5018258928EB7CC400B50E7E /* LaunchScreen.storyboard */,
				5018258C28EB7CC400B50E7E /* Info.plist */,
				5029F5B228EFA67E00D93790 /* Assets.xcassets */,
				5029F5B628F09D4400D93790 /* final.mp3 */,
			);
			path = quiz.vida.araruama;
			sourceTree = "<group>";
		};
		5018259628EB7D0900B50E7E /* Controller */ = {
			isa = PBXGroup;
			children = (
				5018258228EB7CC200B50E7E /* ViewController.swift */,
			);
			path = Controller;
			sourceTree = "<group>";
		};
		5018259728EB7D1500B50E7E /* View */ = {
			isa = PBXGroup;
			children = (
				5018259228EB7CE100B50E7E /* Main.storyboard */,
			);
			path = View;
			sourceTree = "<group>";
		};
		5018259828EB7D2400B50E7E /* Model */ = {
			isa = PBXGroup;
			children = (
				5018259928EB7D3B00B50E7E /* Question.swift */,
				5018259B28EB7D5200B50E7E /* QuizBrain.swift */,
			);
			path = Model;
			sourceTree = "<group>";
		};
/* End PBXGroup section */

/* Begin PBXNativeTarget section */
		5018257A28EB7CC200B50E7E /* Quiz - Familia Marques e Amigos */ = {
			isa = PBXNativeTarget;
			buildConfigurationList = 5018258F28EB7CC400B50E7E /* Build configuration list for PBXNativeTarget "Quiz - Familia Marques e Amigos" */;
			buildPhases = (
				5018257728EB7CC200B50E7E /* Sources */,
				5018257828EB7CC200B50E7E /* Frameworks */,
				5018257928EB7CC200B50E7E /* Resources */,
			);
			buildRules = (
			);
			dependencies = (
			);
			name = "Quiz - Familia Marques e Amigos";
			productName = quiz.vida.araruama;
			productReference = 5018257B28EB7CC200B50E7E /* Quiz - Familia Marques e Amigos.app */;
			productType = "com.apple.product-type.application";
		};
/* End PBXNativeTarget section */

/* Begin PBXProject section */
		5018257328EB7CC200B50E7E /* Project object */ = {
			isa = PBXProject;
			attributes = {
				BuildIndependentTargetsInParallel = 1;
				LastSwiftUpdateCheck = 1400;
				LastUpgradeCheck = 1400;
				TargetAttributes = {
					5018257A28EB7CC200B50E7E = {
						CreatedOnToolsVersion = 14.0.1;
					};
				};
			};
			buildConfigurationList = 5018257628EB7CC200B50E7E /* Build configuration list for PBXProject "Quiz - Familia Marques e Amigos" */;
			compatibilityVersion = "Xcode 14.0";
			developmentRegion = en;
			hasScannedForEncodings = 0;
			knownRegions = (
				en,
				Base,
			);
			mainGroup = 5018257228EB7CC200B50E7E;
			productRefGroup = 5018257C28EB7CC200B50E7E /* Products */;
			projectDirPath = "";
			projectRoot = "";
			targets = (
				5018257A28EB7CC200B50E7E /* Quiz - Familia Marques e Amigos */,
			);
		};
/* End PBXProject section */

/* Begin PBXResourcesBuildPhase section */
		5018257928EB7CC200B50E7E /* Resources */ = {
			isa = PBXResourcesBuildPhase;
			buildActionMask = 2147483647;
			files = (
				5029F5B728F09D4400D93790 /* final.mp3 in Resources */,
				5018258B28EB7CC400B50E7E /* LaunchScreen.storyboard in Resources */,
				5029F5B328EFA67E00D93790 /* Assets.xcassets in Resources */,
				5018259328EB7CE100B50E7E /* Main.storyboard in Resources */,
			);
			runOnlyForDeploymentPostprocessing = 0;
		};
/* End PBXResourcesBuildPhase section */

/* Begin PBXSourcesBuildPhase section */
		5018257728EB7CC200B50E7E /* Sources */ = {
			isa = PBXSourcesBuildPhase;
			buildActionMask = 2147483647;
			files = (
				5018259C28EB7D5200B50E7E /* QuizBrain.swift in Sources */,
				5018258328EB7CC200B50E7E /* ViewController.swift in Sources */,
				5018259A28EB7D3B00B50E7E /* Question.swift in Sources */,
				5018257F28EB7CC200B50E7E /* AppDelegate.swift in Sources */,
				5018258128EB7CC200B50E7E /* SceneDelegate.swift in Sources */,
			);
			runOnlyForDeploymentPostprocessing = 0;
		};
/* End PBXSourcesBuildPhase section */

/* Begin PBXVariantGroup section */
		5018258928EB7CC400B50E7E /* LaunchScreen.storyboard */ = {
			isa = PBXVariantGroup;
			children = (
				5018258A28EB7CC400B50E7E /* Base */,
			);
			name = LaunchScreen.storyboard;
			sourceTree = "<group>";
		};
/* End PBXVariantGroup section */

/* Begin XCBuildConfiguration section */
		5018258D28EB7CC400B50E7E /* Debug */ = {
			isa = XCBuildConfiguration;
			buildSettings = {
				ALWAYS_SEARCH_USER_PATHS = NO;
				CLANG_ANALYZER_NONNULL = YES;
				CLANG_ANALYZER_NUMBER_OBJECT_CONVERSION = YES_AGGRESSIVE;
				CLANG_CXX_LANGUAGE_STANDARD = "gnu++20";
				CLANG_ENABLE_MODULES = YES;
				CLANG_ENABLE_OBJC_ARC = YES;
				CLANG_ENABLE_OBJC_WEAK = YES;
				CLANG_WARN_BLOCK_CAPTURE_AUTORELEASING = YES;
				CLANG_WARN_BOOL_CONVERSION = YES;
				CLANG_WARN_COMMA = YES;
				CLANG_WARN_CONSTANT_CONVERSION = YES;
				CLANG_WARN_DEPRECATED_OBJC_IMPLEMENTATIONS = YES;
				CLANG_WARN_DIRECT_OBJC_ISA_USAGE = YES_ERROR;
				CLANG_WARN_DOCUMENTATION_COMMENTS = YES;
				CLANG_WARN_EMPTY_BODY = YES;
				CLANG_WARN_ENUM_CONVERSION = YES;
				CLANG_WARN_INFINITE_RECURSION = YES;
				CLANG_WARN_INT_CONVERSION = YES;
				CLANG_WARN_NON_LITERAL_NULL_CONVERSION = YES;
				CLANG_WARN_OBJC_IMPLICIT_RETAIN_SELF = YES;
				CLANG_WARN_OBJC_LITERAL_CONVERSION = YES;
				CLANG_WARN_OBJC_ROOT_CLASS = YES_ERROR;
				CLANG_WARN_QUOTED_INCLUDE_IN_FRAMEWORK_HEADER = YES;
				CLANG_WARN_RANGE_LOOP_ANALYSIS = YES;
				CLANG_WARN_STRICT_PROTOTYPES = YES;
				CLANG_WARN_SUSPICIOUS_MOVE = YES;
				CLANG_WARN_UNGUARDED_AVAILABILITY = YES_AGGRESSIVE;
				CLANG_WARN_UNREACHABLE_CODE = YES;
				CLANG_WARN__DUPLICATE_METHOD_MATCH = YES;
				COPY_PHASE_STRIP = NO;
				DEBUG_INFORMATION_FORMAT = dwarf;
				ENABLE_STRICT_OBJC_MSGSEND = YES;
				ENABLE_TESTABILITY = YES;
				GCC_C_LANGUAGE_STANDARD = gnu11;
				GCC_DYNAMIC_NO_PIC = NO;
				GCC_NO_COMMON_BLOCKS = YES;
				GCC_OPTIMIZATION_LEVEL = 0;
				GCC_PREPROCESSOR_DEFINITIONS = (
					"DEBUG=1",
					"$(inherited)",
				);
				GCC_WARN_64_TO_32_BIT_CONVERSION = YES;
				GCC_WARN_ABOUT_RETURN_TYPE = YES_ERROR;
				GCC_WARN_UNDECLARED_SELECTOR = YES;
				GCC_WARN_UNINITIALIZED_AUTOS = YES_AGGRESSIVE;
				GCC_WARN_UNUSED_FUNCTION = YES;
				GCC_WARN_UNUSED_VARIABLE = YES;
				IPHONEOS_DEPLOYMENT_TARGET = 16.0;
				MTL_ENABLE_DEBUG_INFO = INCLUDE_SOURCE;
				MTL_FAST_MATH = YES;
				ONLY_ACTIVE_ARCH = YES;
				SDKROOT = iphoneos;
				SWIFT_ACTIVE_COMPILATION_CONDITIONS = DEBUG;
				SWIFT_OPTIMIZATION_LEVEL = "-Onone";
			};
			name = Debug;
		};
		5018258E28EB7CC400B50E7E /* Release */ = {
			isa = XCBuildConfiguration;
			buildSettings = {
				ALWAYS_SEARCH_USER_PATHS = NO;
				CLANG_ANALYZER_NONNULL = YES;
				CLANG_ANALYZER_NUMBER_OBJECT_CONVERSION = YES_AGGRESSIVE;
				CLANG_CXX_LANGUAGE_STANDARD = "gnu++20";
				CLANG_ENABLE_MODULES = YES;
				CLANG_ENABLE_OBJC_ARC = YES;
				CLANG_ENABLE_OBJC_WEAK = YES;
				CLANG_WARN_BLOCK_CAPTURE_AUTORELEASING = YES;
				CLANG_WARN_BOOL_CONVERSION = YES;
				CLANG_WARN_COMMA = YES;
				CLANG_WARN_CONSTANT_CONVERSION = YES;
				CLANG_WARN_DEPRECATED_OBJC_IMPLEMENTATIONS = YES;
				CLANG_WARN_DIRECT_OBJC_ISA_USAGE = YES_ERROR;
				CLANG_WARN_DOCUMENTATION_COMMENTS = YES;
				CLANG_WARN_EMPTY_BODY = YES;
				CLANG_WARN_ENUM_CONVERSION = YES;
				CLANG_WARN_INFINITE_RECURSION = YES;
				CLANG_WARN_INT_CONVERSION = YES;
				CLANG_WARN_NON_LITERAL_NULL_CONVERSION = YES;
				CLANG_WARN_OBJC_IMPLICIT_RETAIN_SELF = YES;
				CLANG_WARN_OBJC_LITERAL_CONVERSION = YES;
				CLANG_WARN_OBJC_ROOT_CLASS = YES_ERROR;
				CLANG_WARN_QUOTED_INCLUDE_IN_FRAMEWORK_HEADER = YES;
				CLANG_WARN_RANGE_LOOP_ANALYSIS = YES;
				CLANG_WARN_STRICT_PROTOTYPES = YES;
				CLANG_WARN_SUSPICIOUS_MOVE = YES;
				CLANG_WARN_UNGUARDED_AVAILABILITY = YES_AGGRESSIVE;
				CLANG_WARN_UNREACHABLE_CODE = YES;
				CLANG_WARN__DUPLICATE_METHOD_MATCH = YES;
				COPY_PHASE_STRIP = NO;
				DEBUG_INFORMATION_FORMAT = "dwarf-with-dsym";
				ENABLE_NS_ASSERTIONS = NO;
				ENABLE_STRICT_OBJC_MSGSEND = YES;
				GCC_C_LANGUAGE_STANDARD = gnu11;
				GCC_NO_COMMON_BLOCKS = YES;
				GCC_WARN_64_TO_32_BIT_CONVERSION = YES;
				GCC_WARN_ABOUT_RETURN_TYPE = YES_ERROR;
				GCC_WARN_UNDECLARED_SELECTOR = YES;
				GCC_WARN_UNINITIALIZED_AUTOS = YES_AGGRESSIVE;
				GCC_WARN_UNUSED_FUNCTION = YES;
				GCC_WARN_UNUSED_VARIABLE = YES;
				IPHONEOS_DEPLOYMENT_TARGET = 16.0;
				MTL_ENABLE_DEBUG_INFO = NO;
				MTL_FAST_MATH = YES;
				SDKROOT = iphoneos;
				SWIFT_COMPILATION_MODE = wholemodule;
				SWIFT_OPTIMIZATION_LEVEL = "-O";
				VALIDATE_PRODUCT = YES;
			};
			name = Release;
		};
		5018259028EB7CC400B50E7E /* Debug */ = {
			isa = XCBuildConfiguration;
			buildSettings = {
				ASSETCATALOG_COMPILER_APPICON_NAME = AppIcon;
				ASSETCATALOG_COMPILER_GLOBAL_ACCENT_COLOR_NAME = AccentColor;
				CODE_SIGN_STYLE = Automatic;
				CURRENT_PROJECT_VERSION = 1;
				DEVELOPMENT_TEAM = L7LQ6FGAN3;
				GENERATE_INFOPLIST_FILE = YES;
				INFOPLIST_FILE = quiz.vida.araruama/Info.plist;
				INFOPLIST_KEY_CFBundleDisplayName = "Quiz - Familia Marques e Amigos";
				INFOPLIST_KEY_LSApplicationCategoryType = "public.app-category.trivia-games";
				INFOPLIST_KEY_UIApplicationSupportsIndirectInputEvents = YES;
				INFOPLIST_KEY_UILaunchStoryboardName = LaunchScreen;
				INFOPLIST_KEY_UIMainStoryboardFile = Main;
				INFOPLIST_KEY_UISupportedInterfaceOrientations_iPad = "UIInterfaceOrientationPortrait UIInterfaceOrientationPortraitUpsideDown UIInterfaceOrientationLandscapeLeft UIInterfaceOrientationLandscapeRight";
				INFOPLIST_KEY_UISupportedInterfaceOrientations_iPhone = "UIInterfaceOrientationPortrait UIInterfaceOrientationLandscapeLeft UIInterfaceOrientationLandscapeRight";
				LD_RUNPATH_SEARCH_PATHS = (
					"$(inherited)",
					"@executable_path/Frameworks",
				);
				MARKETING_VERSION = 1.0;
				PRODUCT_BUNDLE_IDENTIFIER = "com.vinicius.oliveira.quiz-vida-araruama";
				PRODUCT_NAME = "$(TARGET_NAME)";
				SWIFT_EMIT_LOC_STRINGS = YES;
				SWIFT_VERSION = 5.0;
				TARGETED_DEVICE_FAMILY = "1,2";
			};
			name = Debug;
		};
		5018259128EB7CC400B50E7E /* Release */ = {
			isa = XCBuildConfiguration;
			buildSettings = {
				ASSETCATALOG_COMPILER_APPICON_NAME = AppIcon;
				ASSETCATALOG_COMPILER_GLOBAL_ACCENT_COLOR_NAME = AccentColor;
				CODE_SIGN_STYLE = Automatic;
				CURRENT_PROJECT_VERSION = 1;
				DEVELOPMENT_TEAM = L7LQ6FGAN3;
				GENERATE_INFOPLIST_FILE = YES;
				INFOPLIST_FILE = quiz.vida.araruama/Info.plist;
				INFOPLIST_KEY_CFBundleDisplayName = "Quiz - Familia Marques e Amigos";
				INFOPLIST_KEY_LSApplicationCategoryType = "public.app-category.trivia-games";
				INFOPLIST_KEY_UIApplicationSupportsIndirectInputEvents = YES;
				INFOPLIST_KEY_UILaunchStoryboardName = LaunchScreen;
				INFOPLIST_KEY_UIMainStoryboardFile = Main;
				INFOPLIST_KEY_UISupportedInterfaceOrientations_iPad = "UIInterfaceOrientationPortrait UIInterfaceOrientationPortraitUpsideDown UIInterfaceOrientationLandscapeLeft UIInterfaceOrientationLandscapeRight";
				INFOPLIST_KEY_UISupportedInterfaceOrientations_iPhone = "UIInterfaceOrientationPortrait UIInterfaceOrientationLandscapeLeft UIInterfaceOrientationLandscapeRight";
				LD_RUNPATH_SEARCH_PATHS = (
					"$(inherited)",
					"@executable_path/Frameworks",
				);
				MARKETING_VERSION = 1.0;
				PRODUCT_BUNDLE_IDENTIFIER = "com.vinicius.oliveira.quiz-vida-araruama";
				PRODUCT_NAME = "$(TARGET_NAME)";
				SWIFT_EMIT_LOC_STRINGS = YES;
				SWIFT_VERSION = 5.0;
				TARGETED_DEVICE_FAMILY = "1,2";
			};
			name = Release;
		};
/* End XCBuildConfiguration section */

/* Begin XCConfigurationList section */
		5018257628EB7CC200B50E7E /* Build configuration list for PBXProject "Quiz - Familia Marques e Amigos" */ = {
			isa = XCConfigurationList;
			buildConfigurations = (
				5018258D28EB7CC400B50E7E /* Debug */,
				5018258E28EB7CC400B50E7E /* Release */,
			);
			defaultConfigurationIsVisible = 0;
			defaultConfigurationName = Release;
		};
		5018258F28EB7CC400B50E7E /* Build configuration list for PBXNativeTarget "Quiz - Familia Marques e Amigos" */ = {
			isa = XCConfigurationList;
			buildConfigurations = (
				5018259028EB7CC400B50E7E /* Debug */,
				5018259128EB7CC400B50E7E /* Release */,
			);
			defaultConfigurationIsVisible = 0;
			defaultConfigurationName = Release;
		};
/* End XCConfigurationList section */
	};
	rootObject = 5018257328EB7CC200B50E7E /* Project object */;
}
